
Microsoft Visual Studio Solution File, Format Version 12.00
# Visual Studio Version 17
VisualStudioVersion = 17.7.34024.191
MinimumVisualStudioVersion = 10.0.40219.1
Project("{FAE04EC0-301F-11D3-BF4B-00C04F79EFBC}") = "Area_or_volume_counter", "Area_or_volume_counter\Area_or_volume_counter.csproj", "{4672DB1F-EC70-458B-BDA4-4FC2181B4692}"
EndProject
Global
	GlobalSection(SolutionConfigurationPlatforms) = preSolution
		Debug|Any CPU = Debug|Any CPU
		Release|Any CPU = Release|Any CPU
	EndGlobalSection
	GlobalSection(ProjectConfigurationPlatforms) = postSolution
		{4672DB1F-EC70-458B-BDA4-4FC2181B4692}.Debug|Any CPU.ActiveCfg = Debug|Any CPU
		{4672DB1F-EC70-458B-BDA4-4FC2181B4692}.Debug|Any CPU.Build.0 = Debug|Any CPU
		{4672DB1F-EC70-458B-BDA4-4FC2181B4692}.Release|Any CPU.ActiveCfg = Release|Any CPU
		{4672DB1F-EC70-458B-BDA4-4FC2181B4692}.Release|Any CPU.Build.0 = Release|Any CPU
	EndGlobalSection
	GlobalSection(SolutionProperties) = preSolution
		HideSolutionNode = FALSE
	EndGlobalSection
	GlobalSection(ExtensibilityGlobals) = postSolution
		SolutionGuid = {81B98CF8-C6E3-4E11-9185-5D5D248A2ADA}
	EndGlobalSection
EndGlobal
